
Microsoft Visual Studio Solution File, Format Version 12.00
# Visual Studio Version 17
VisualStudioVersion = 17.11.35327.3
MinimumVisualStudioVersion = 10.0.40219.1
Project("{FAE04EC0-301F-11D3-BF4B-00C04F79EFBC}") = "UcgenCiz", "UcgenCiz\UcgenCiz.csproj", "{4A4EB1AC-1FB0-410D-B665-2816F526CD5E}"
EndProject
Global
	GlobalSection(SolutionConfigurationPlatforms) = preSolution
		Debug|Any CPU = Debug|Any CPU
		Release|Any CPU = Release|Any CPU
	EndGlobalSection
	GlobalSection(ProjectConfigurationPlatforms) = postSolution
		{4A4EB1AC-1FB0-410D-B665-2816F526CD5E}.Debug|Any CPU.ActiveCfg = Debug|Any CPU
		{4A4EB1AC-1FB0-410D-B665-2816F526CD5E}.Debug|Any CPU.Build.0 = Debug|Any CPU
		{4A4EB1AC-1FB0-410D-B665-2816F526CD5E}.Release|Any CPU.ActiveCfg = Release|Any CPU
		{4A4EB1AC-1FB0-410D-B665-2816F526CD5E}.Release|Any CPU.Build.0 = Release|Any CPU
	EndGlobalSection
	GlobalSection(SolutionProperties) = preSolution
		HideSolutionNode = FALSE
	EndGlobalSection
	GlobalSection(ExtensibilityGlobals) = postSolution
		SolutionGuid = {9D43BC06-0469-4063-A66B-69059C69DE44}
	EndGlobalSection
EndGlobal
