
Microsoft Visual Studio Solution File, Format Version 12.00
# Visual Studio Version 17
VisualStudioVersion = 17.11.35327.3
MinimumVisualStudioVersion = 10.0.40219.1
Project("{FAE04EC0-301F-11D3-BF4B-00C04F79EFBC}") = "KarakterDegistirme", "KarakterDegistirme\KarakterDegistirme.csproj", "{235BA3F6-4DCC-4963-BBD0-8A6F8115649C}"
EndProject
Global
	GlobalSection(SolutionConfigurationPlatforms) = preSolution
		Debug|Any CPU = Debug|Any CPU
		Release|Any CPU = Release|Any CPU
	EndGlobalSection
	GlobalSection(ProjectConfigurationPlatforms) = postSolution
		{235BA3F6-4DCC-4963-BBD0-8A6F8115649C}.Debug|Any CPU.ActiveCfg = Debug|Any CPU
		{235BA3F6-4DCC-4963-BBD0-8A6F8115649C}.Debug|Any CPU.Build.0 = Debug|Any CPU
		{235BA3F6-4DCC-4963-BBD0-8A6F8115649C}.Release|Any CPU.ActiveCfg = Release|Any CPU
		{235BA3F6-4DCC-4963-BBD0-8A6F8115649C}.Release|Any CPU.Build.0 = Release|Any CPU
	EndGlobalSection
	GlobalSection(SolutionProperties) = preSolution
		HideSolutionNode = FALSE
	EndGlobalSection
	GlobalSection(ExtensibilityGlobals) = postSolution
		SolutionGuid = {6E82AF31-B81E-4F83-B00D-CDD008E7DE63}
	EndGlobalSection
EndGlobal
